
Microsoft Visual Studio Solution File, Format Version 12.00
# Visual Studio Version 16
VisualStudioVersion = 16.0.30907.101
MinimumVisualStudioVersion = 10.0.40219.1
Project("{FAE04EC0-301F-11D3-BF4B-00C04F79EFBC}") = "KampIntro", "KampIntro\KampIntro.csproj", "{7F2C8D1C-8385-408F-8921-80A8E9F0EEC4}"
EndProject
Project("{FAE04EC0-301F-11D3-BF4B-00C04F79EFBC}") = "Donguler", "Donguler\Donguler.csproj", "{B8E75ECD-1A85-422E-B7DA-01130F2D35D6}"
EndProject
Project("{FAE04EC0-301F-11D3-BF4B-00C04F79EFBC}") = "ClassIntro", "ClassIntro\ClassIntro.csproj", "{5BD45F92-8BC6-407E-B3D3-85EB63464EBC}"
EndProject
Project("{FAE04EC0-301F-11D3-BF4B-00C04F79EFBC}") = "Metotlar", "Metotlar\Metotlar.csproj", "{6154AE28-FB80-406D-BE98-A2F2E7AF4582}"
EndProject
Project("{FAE04EC0-301F-11D3-BF4B-00C04F79EFBC}") = "Matematik", "Matematik\Matematik.csproj", "{8D11FFA1-FB7B-4A0D-B076-1782D715C628}"
EndProject
Project("{FAE04EC0-301F-11D3-BF4B-00C04F79EFBC}") = "DegerVeReferansTipler", "DegerVeReferansTipler\DegerVeReferansTipler.csproj", "{9451AEA5-A0A1-4816-B843-D53A97A7BE66}"
EndProject
Project("{FAE04EC0-301F-11D3-BF4B-00C04F79EFBC}") = "OOP1", "OOP1\OOP1.csproj", "{6467AF9E-098B-4C8D-84C1-DA8BF4B1130D}"
EndProject
Project("{FAE04EC0-301F-11D3-BF4B-00C04F79EFBC}") = "Koleksiyonlar", "Koleksiyonlar\Koleksiyonlar.csproj", "{FCA5D0CA-325E-4954-A566-D0AAC1921B27}"
EndProject
Project("{FAE04EC0-301F-11D3-BF4B-00C04F79EFBC}") = "GenericsIntro", "GenericsIntro\GenericsIntro.csproj", "{FC9D2E3F-1D43-450B-9C96-E20B7590D524}"
EndProject
Project("{FAE04EC0-301F-11D3-BF4B-00C04F79EFBC}") = "OOP2", "OOP2\OOP2.csproj", "{EB521C11-A15C-42A7-8CD5-B3DE9C42DA55}"
EndProject
Project("{FAE04EC0-301F-11D3-BF4B-00C04F79EFBC}") = "OOP3", "OOP3\OOP3.csproj", "{65D30B0C-23E1-4869-A4C1-D8D7BD417E47}"
EndProject
Global
	GlobalSection(SolutionConfigurationPlatforms) = preSolution
		Debug|Any CPU = Debug|Any CPU
		Release|Any CPU = Release|Any CPU
	EndGlobalSection
	GlobalSection(ProjectConfigurationPlatforms) = postSolution
		{7F2C8D1C-8385-408F-8921-80A8E9F0EEC4}.Debug|Any CPU.ActiveCfg = Debug|Any CPU
		{7F2C8D1C-8385-408F-8921-80A8E9F0EEC4}.Debug|Any CPU.Build.0 = Debug|Any CPU
		{7F2C8D1C-8385-408F-8921-80A8E9F0EEC4}.Release|Any CPU.ActiveCfg = Release|Any CPU
		{7F2C8D1C-8385-408F-8921-80A8E9F0EEC4}.Release|Any CPU.Build.0 = Release|Any CPU
		{B8E75ECD-1A85-422E-B7DA-01130F2D35D6}.Debug|Any CPU.ActiveCfg = Debug|Any CPU
		{B8E75ECD-1A85-422E-B7DA-01130F2D35D6}.Debug|Any CPU.Build.0 = Debug|Any CPU
		{B8E75ECD-1A85-422E-B7DA-01130F2D35D6}.Release|Any CPU.ActiveCfg = Release|Any CPU
		{B8E75ECD-1A85-422E-B7DA-01130F2D35D6}.Release|Any CPU.Build.0 = Release|Any CPU
		{5BD45F92-8BC6-407E-B3D3-85EB63464EBC}.Debug|Any CPU.ActiveCfg = Debug|Any CPU
		{5BD45F92-8BC6-407E-B3D3-85EB63464EBC}.Debug|Any CPU.Build.0 = Debug|Any CPU
		{5BD45F92-8BC6-407E-B3D3-85EB63464EBC}.Release|Any CPU.ActiveCfg = Release|Any CPU
		{5BD45F92-8BC6-407E-B3D3-85EB63464EBC}.Release|Any CPU.Build.0 = Release|Any CPU
		{6154AE28-FB80-406D-BE98-A2F2E7AF4582}.Debug|Any CPU.ActiveCfg = Debug|Any CPU
		{6154AE28-FB80-406D-BE98-A2F2E7AF4582}.Debug|Any CPU.Build.0 = Debug|Any CPU
		{6154AE28-FB80-406D-BE98-A2F2E7AF4582}.Release|Any CPU.ActiveCfg = Release|Any CPU
		{6154AE28-FB80-406D-BE98-A2F2E7AF4582}.Release|Any CPU.Build.0 = Release|Any CPU
		{8D11FFA1-FB7B-4A0D-B076-1782D715C628}.Debug|Any CPU.ActiveCfg = Debug|Any CPU
		{8D11FFA1-FB7B-4A0D-B076-1782D715C628}.Debug|Any CPU.Build.0 = Debug|Any CPU
		{8D11FFA1-FB7B-4A0D-B076-1782D715C628}.Release|Any CPU.ActiveCfg = Release|Any CPU
		{8D11FFA1-FB7B-4A0D-B076-1782D715C628}.Release|Any CPU.Build.0 = Release|Any CPU
		{9451AEA5-A0A1-4816-B843-D53A97A7BE66}.Debug|Any CPU.ActiveCfg = Debug|Any CPU
		{9451AEA5-A0A1-4816-B843-D53A97A7BE66}.Debug|Any CPU.Build.0 = Debug|Any CPU
		{9451AEA5-A0A1-4816-B843-D53A97A7BE66}.Release|Any CPU.ActiveCfg = Release|Any CPU
		{9451AEA5-A0A1-4816-B843-D53A97A7BE66}.Release|Any CPU.Build.0 = Release|Any CPU
		{6467AF9E-098B-4C8D-84C1-DA8BF4B1130D}.Debug|Any CPU.ActiveCfg = Debug|Any CPU
		{6467AF9E-098B-4C8D-84C1-DA8BF4B1130D}.Debug|Any CPU.Build.0 = Debug|Any CPU
		{6467AF9E-098B-4C8D-84C1-DA8BF4B1130D}.Release|Any CPU.ActiveCfg = Release|Any CPU
		{6467AF9E-098B-4C8D-84C1-DA8BF4B1130D}.Release|Any CPU.Build.0 = Release|Any CPU
		{FCA5D0CA-325E-4954-A566-D0AAC1921B27}.Debug|Any CPU.ActiveCfg = Debug|Any CPU
		{FCA5D0CA-325E-4954-A566-D0AAC1921B27}.Debug|Any CPU.Build.0 = Debug|Any CPU
		{FCA5D0CA-325E-4954-A566-D0AAC1921B27}.Release|Any CPU.ActiveCfg = Release|Any CPU
		{FCA5D0CA-325E-4954-A566-D0AAC1921B27}.Release|Any CPU.Build.0 = Release|Any CPU
		{FC9D2E3F-1D43-450B-9C96-E20B7590D524}.Debug|Any CPU.ActiveCfg = Debug|Any CPU
		{FC9D2E3F-1D43-450B-9C96-E20B7590D524}.Debug|Any CPU.Build.0 = Debug|Any CPU
		{FC9D2E3F-1D43-450B-9C96-E20B7590D524}.Release|Any CPU.ActiveCfg = Release|Any CPU
		{FC9D2E3F-1D43-450B-9C96-E20B7590D524}.Release|Any CPU.Build.0 = Release|Any CPU
		{EB521C11-A15C-42A7-8CD5-B3DE9C42DA55}.Debug|Any CPU.ActiveCfg = Debug|Any CPU
		{EB521C11-A15C-42A7-8CD5-B3DE9C42DA55}.Debug|Any CPU.Build.0 = Debug|Any CPU
		{EB521C11-A15C-42A7-8CD5-B3DE9C42DA55}.Release|Any CPU.ActiveCfg = Release|Any CPU
		{EB521C11-A15C-42A7-8CD5-B3DE9C42DA55}.Release|Any CPU.Build.0 = Release|Any CPU
		{65D30B0C-23E1-4869-A4C1-D8D7BD417E47}.Debug|Any CPU.ActiveCfg = Debug|Any CPU
		{65D30B0C-23E1-4869-A4C1-D8D7BD417E47}.Debug|Any CPU.Build.0 = Debug|Any CPU
		{65D30B0C-23E1-4869-A4C1-D8D7BD417E47}.Release|Any CPU.ActiveCfg = Release|Any CPU
		{65D30B0C-23E1-4869-A4C1-D8D7BD417E47}.Release|Any CPU.Build.0 = Release|Any CPU
	EndGlobalSection
	GlobalSection(SolutionProperties) = preSolution
		HideSolutionNode = FALSE
	EndGlobalSection
	GlobalSection(ExtensibilityGlobals) = postSolution
		SolutionGuid = {C6C3D486-8579-422D-92A5-B3A357355DC1}
	EndGlobalSection
EndGlobal
